
Microsoft Visual Studio Solution File, Format Version 12.00
# Visual Studio Version 17
VisualStudioVersion = 17.4.33205.214
MinimumVisualStudioVersion = 10.0.40219.1
Project("{FAE04EC0-301F-11D3-BF4B-00C04F79EFBC}") = "VideoGameWebApp", "VideoGameWebApp\VideoGameWebApp.csproj", "{E9B62793-05BF-4D04-ADA9-A7C64DA23D07}"
EndProject
Global
	GlobalSection(SolutionConfigurationPlatforms) = preSolution
		Debug|Any CPU = Debug|Any CPU
		Release|Any CPU = Release|Any CPU
	EndGlobalSection
	GlobalSection(ProjectConfigurationPlatforms) = postSolution
		{E9B62793-05BF-4D04-ADA9-A7C64DA23D07}.Debug|Any CPU.ActiveCfg = Debug|Any CPU
		{E9B62793-05BF-4D04-ADA9-A7C64DA23D07}.Debug|Any CPU.Build.0 = Debug|Any CPU
		{E9B62793-05BF-4D04-ADA9-A7C64DA23D07}.Release|Any CPU.ActiveCfg = Release|Any CPU
		{E9B62793-05BF-4D04-ADA9-A7C64DA23D07}.Release|Any CPU.Build.0 = Release|Any CPU
	EndGlobalSection
	GlobalSection(SolutionProperties) = preSolution
		HideSolutionNode = FALSE
	EndGlobalSection
	GlobalSection(ExtensibilityGlobals) = postSolution
		SolutionGuid = {2F56D2F2-ED44-43CC-B963-E83965CC15D7}
	EndGlobalSection
EndGlobal
